
Microsoft Visual Studio Solution File, Format Version 12.00
# Visual Studio Version 16
VisualStudioVersion = 16.0.32510.428
MinimumVisualStudioVersion = 10.0.40219.1
Project("{FAE04EC0-301F-11D3-BF4B-00C04F79EFBC}") = "WebSchoolMVC", "WebSchoolMVC\WebSchoolMVC.csproj", "{D4C5C14F-AFAB-4802-8F8F-CBC7E7CF935E}"
EndProject
Project("{FAE04EC0-301F-11D3-BF4B-00C04F79EFBC}") = "WebSchoolMVC.Domain", "WebSchoolMVC.Domain\WebSchoolMVC.Domain.csproj", "{B616E2B6-0DA6-4B65-BC32-2C4B0B3F5DE0}"
EndProject
Project("{FAE04EC0-301F-11D3-BF4B-00C04F79EFBC}") = "WebSchoolMVC.DataAccess", "WebSchoolMVC.DataAccess\WebSchoolMVC.DataAccess.csproj", "{39C5990A-BAF3-48EA-AEF5-0442AEBAE9E8}"
EndProject
Global
	GlobalSection(SolutionConfigurationPlatforms) = preSolution
		Debug|Any CPU = Debug|Any CPU
		Release|Any CPU = Release|Any CPU
	EndGlobalSection
	GlobalSection(ProjectConfigurationPlatforms) = postSolution
		{D4C5C14F-AFAB-4802-8F8F-CBC7E7CF935E}.Debug|Any CPU.ActiveCfg = Debug|Any CPU
		{D4C5C14F-AFAB-4802-8F8F-CBC7E7CF935E}.Debug|Any CPU.Build.0 = Debug|Any CPU
		{D4C5C14F-AFAB-4802-8F8F-CBC7E7CF935E}.Release|Any CPU.ActiveCfg = Release|Any CPU
		{D4C5C14F-AFAB-4802-8F8F-CBC7E7CF935E}.Release|Any CPU.Build.0 = Release|Any CPU
		{B616E2B6-0DA6-4B65-BC32-2C4B0B3F5DE0}.Debug|Any CPU.ActiveCfg = Debug|Any CPU
		{B616E2B6-0DA6-4B65-BC32-2C4B0B3F5DE0}.Debug|Any CPU.Build.0 = Debug|Any CPU
		{B616E2B6-0DA6-4B65-BC32-2C4B0B3F5DE0}.Release|Any CPU.ActiveCfg = Release|Any CPU
		{B616E2B6-0DA6-4B65-BC32-2C4B0B3F5DE0}.Release|Any CPU.Build.0 = Release|Any CPU
		{39C5990A-BAF3-48EA-AEF5-0442AEBAE9E8}.Debug|Any CPU.ActiveCfg = Debug|Any CPU
		{39C5990A-BAF3-48EA-AEF5-0442AEBAE9E8}.Debug|Any CPU.Build.0 = Debug|Any CPU
		{39C5990A-BAF3-48EA-AEF5-0442AEBAE9E8}.Release|Any CPU.ActiveCfg = Release|Any CPU
		{39C5990A-BAF3-48EA-AEF5-0442AEBAE9E8}.Release|Any CPU.Build.0 = Release|Any CPU
	EndGlobalSection
	GlobalSection(SolutionProperties) = preSolution
		HideSolutionNode = FALSE
	EndGlobalSection
	GlobalSection(ExtensibilityGlobals) = postSolution
		SolutionGuid = {CD37E332-7A4D-424A-A4F0-E636A38D430E}
	EndGlobalSection
EndGlobal
